{
  "name": "contact_manager",
  "version": "0.0.1",
  "lockfileVersion": 2,
  "requires": true,
  "packages": {
    "": {
      "name": "contact_manager",
      "version": "0.0.1",
      "dependencies": {
        "body-parser": "1.14.1",
        "express": "4.13.3",
        "fs": "0.0.2",
        "json-beautify": "^1.0.1",
        "path": "0.12.7"
      },
      "devDependencies": {
        "chai": "^3.5.0",
        "chai-http": "^2.0.1",
        "concurrently": "2.2.0",
        "cross-env": "^5.1.1",
        "mocha": "^2.4.5"
      }
    },
    "node_modules/accepts": {
      "version": "1.2.13",
      "license": "MIT",
      "dependencies": {
        "mime-types": "~2.1.6",
        "negotiator": "0.5.3"
      },
      "engines": {
        "node": ">= 0.6"
      }
    },
    "node_modules/ansi-regex": {
      "version": "0.2.1",
      "dev": true,
      "license": "MIT",
      "engines": {
        "node": ">=0.10.0"
      }
    },
    "node_modules/ansi-styles": {
      "version": "1.1.0",
      "dev": true,
      "license": "MIT",
      "engines": {
        "node": ">=0.10.0"
      }
    },
    "node_modules/array-flatten": {
      "version": "1.1.1",
      "license": "MIT"
    },
    "node_modules/assertion-error": {
      "version": "1.0.2",
      "dev": true,
      "license": "MIT",
      "engines": {
        "node": "*"
      }
    },
    "node_modules/async": {
      "version": "0.9.2",
      "dev": true,
      "license": "MIT"
    },
    "node_modules/bluebird": {
      "version": "2.9.6",
      "dev": true,
      "license": "MIT"
    },
    "node_modules/body-parser": {
      "version": "1.14.1",
      "license": "MIT",
      "dependencies": {
        "bytes": "2.1.0",
        "content-type": "~1.0.1",
        "debug": "~2.2.0",
        "depd": "~1.1.0",
        "http-errors": "~1.3.1",
        "iconv-lite": "0.4.12",
        "on-finished": "~2.3.0",
        "qs": "5.1.0",
        "raw-body": "~2.1.4",
        "type-is": "~1.6.9"
      },
      "engines": {
        "node": ">= 0.8"
      }
    },
    "node_modules/bytes": {
      "version": "2.1.0",
      "license": "MIT"
    },
    "node_modules/chai": {
      "version": "3.5.0",
      "dev": true,
      "license": "MIT",
      "dependencies": {
        "assertion-error": "^1.0.1",
        "deep-eql": "^0.1.3",
        "type-detect": "^1.0.0"
      },
      "engines": {
        "node": ">= 0.4.0"
      }
    },
    "node_modules/chai-http": {
      "version": "2.0.1",
      "dev": true,
      "dependencies": {
        "cookiejar": "2.0.x",
        "is-ip": "1.0.0",
        "methods": "0.0.x",
        "qs": "2.0.x",
        "superagent": "1.2.x"
      },
      "engines": {
        "node": ">= 0.6.0"
      }
    },
    "node_modules/chai-http/node_modules/methods": {
      "version": "0.0.1",
      "dev": true,
      "license": "MIT"
    },
    "node_modules/chai-http/node_modules/qs": {
      "version": "2.0.0",
      "dev": true
    },
    "node_modules/chalk": {
      "version": "0.5.1",
      "dev": true,
      "license": "MIT",
      "dependencies": {
        "ansi-styles": "^1.1.0",
        "escape-string-regexp": "^1.0.0",
        "has-ansi": "^0.1.0",
        "strip-ansi": "^0.3.0",
        "supports-color": "^0.2.0"
      },
      "engines": {
        "node": ">=0.10.0"
      }
    },
    "node_modules/combined-stream": {
      "version": "0.0.7",
      "dev": true,
      "dependencies": {
        "delayed-stream": "0.0.5"
      },
      "engines": {
        "node": ">= 0.8"
      }
    },
    "node_modules/commander": {
      "version": "2.6.0",
      "dev": true,
      "license": "MIT",
      "engines": {
        "node": ">= 0.6.x"
      }
    },
    "node_modules/component-emitter": {
      "version": "1.1.2",
      "dev": true
    },
    "node_modules/concurrently": {
      "version": "2.2.0",
      "dev": true,
      "license": "MIT",
      "dependencies": {
        "bluebird": "2.9.6",
        "chalk": "0.5.1",
        "commander": "2.6.0",
        "cross-spawn": "^0.2.9",
        "lodash": "^4.5.1",
        "moment": "^2.11.2",
        "rx": "2.3.24"
      },
      "bin": {
        "concurrent": "src/main.js",
        "concurrently": "src/main.js"
      }
    },
    "node_modules/content-disposition": {
      "version": "0.5.0",
      "license": "MIT",
      "engines": {
        "node": ">= 0.6"
      }
    },
    "node_modules/content-type": {
      "version": "1.0.4",
      "license": "MIT",
      "engines": {
        "node": ">= 0.6"
      }
    },
    "node_modules/cookie": {
      "version": "0.1.3",
      "license": "MIT",
      "engines": {
        "node": "*"
      }
    },
    "node_modules/cookie-signature": {
      "version": "1.0.6",
      "license": "MIT"
    },
    "node_modules/cookiejar": {
      "version": "2.0.6",
      "dev": true,
      "license": "MIT"
    },
    "node_modules/core-util-is": {
      "version": "1.0.2",
      "dev": true,
      "license": "MIT"
    },
    "node_modules/cross-env": {
      "version": "5.1.1",
      "dev": true,
      "license": "MIT",
      "dependencies": {
        "cross-spawn": "^5.1.0",
        "is-windows": "^1.0.0"
      },
      "bin": {
        "cross-env": "dist/bin/cross-env.js",
        "cross-env-shell": "dist/bin/cross-env-shell.js"
      },
      "engines": {
        "node": ">=4.0"
      }
    },
    "node_modules/cross-env/node_modules/cross-spawn": {
      "version": "5.1.0",
      "dev": true,
      "license": "MIT",
      "dependencies": {
        "lru-cache": "^4.0.1",
        "shebang-command": "^1.2.0",
        "which": "^1.2.9"
      }
    },
    "node_modules/cross-env/node_modules/lru-cache": {
      "version": "4.1.1",
      "dev": true,
      "license": "ISC",
      "dependencies": {
        "pseudomap": "^1.0.2",
        "yallist": "^2.1.2"
      }
    },
    "node_modules/cross-spawn": {
      "version": "0.2.9",
      "dev": true,
      "license": "MIT",
      "dependencies": {
        "lru-cache": "^2.5.0"
      }
    },
    "node_modules/debug": {
      "version": "2.2.0",
      "license": "MIT",
      "dependencies": {
        "ms": "0.7.1"
      }
    },
    "node_modules/deep-eql": {
      "version": "0.1.3",
      "dev": true,
      "license": "MIT",
      "dependencies": {
        "type-detect": "0.1.1"
      },
      "engines": {
        "node": "*"
      }
    },
    "node_modules/deep-eql/node_modules/type-detect": {
      "version": "0.1.1",
      "dev": true,
      "license": "MIT",
      "engines": {
        "node": "*"
      }
    },
    "node_modules/delayed-stream": {
      "version": "0.0.5",
      "dev": true,
      "engines": {
        "node": ">=0.4.0"
      }
    },
    "node_modules/depd": {
      "version": "1.1.1",
      "license": "MIT",
      "engines": {
        "node": ">= 0.6"
      }
    },
    "node_modules/destroy": {
      "version": "1.0.3",
      "license": "MIT"
    },
    "node_modules/diff": {
      "version": "1.4.0",
      "dev": true,
      "engines": {
        "node": ">=0.3.1"
      }
    },
    "node_modules/ee-first": {
      "version": "1.1.1",
      "license": "MIT"
    },
    "node_modules/escape-html": {
      "version": "1.0.2",
      "license": "MIT"
    },
    "node_modules/escape-string-regexp": {
      "version": "1.0.5",
      "dev": true,
      "license": "MIT",
      "engines": {
        "node": ">=0.8.0"
      }
    },
    "node_modules/etag": {
      "version": "1.7.0",
      "license": "MIT",
      "engines": {
        "node": ">= 0.6"
      }
    },
    "node_modules/express": {
      "version": "4.13.3",
      "license": "MIT",
      "dependencies": {
        "accepts": "~1.2.12",
        "array-flatten": "1.1.1",
        "content-disposition": "0.5.0",
        "content-type": "~1.0.1",
        "cookie": "0.1.3",
        "cookie-signature": "1.0.6",
        "debug": "~2.2.0",
        "depd": "~1.0.1",
        "escape-html": "1.0.2",
        "etag": "~1.7.0",
        "finalhandler": "0.4.0",
        "fresh": "0.3.0",
        "merge-descriptors": "1.0.0",
        "methods": "~1.1.1",
        "on-finished": "~2.3.0",
        "parseurl": "~1.3.0",
        "path-to-regexp": "0.1.7",
        "proxy-addr": "~1.0.8",
        "qs": "4.0.0",
        "range-parser": "~1.0.2",
        "send": "0.13.0",
        "serve-static": "~1.10.0",
        "type-is": "~1.6.6",
        "utils-merge": "1.0.0",
        "vary": "~1.0.1"
      },
      "engines": {
        "node": ">= 0.10.0"
      }
    },
    "node_modules/express/node_modules/depd": {
      "version": "1.0.1",
      "license": "MIT",
      "engines": {
        "node": ">= 0.6"
      }
    },
    "node_modules/express/node_modules/qs": {
      "version": "4.0.0",
      "license": "BSD-3-Clause"
    },
    "node_modules/extend": {
      "version": "1.2.1",
      "dev": true
    },
    "node_modules/finalhandler": {
      "version": "0.4.0",
      "license": "MIT",
      "dependencies": {
        "debug": "~2.2.0",
        "escape-html": "1.0.2",
        "on-finished": "~2.3.0",
        "unpipe": "~1.0.0"
      },
      "engines": {
        "node": ">= 0.8"
      }
    },
    "node_modules/form-data": {
      "version": "0.2.0",
      "dev": true,
      "dependencies": {
        "async": "~0.9.0",
        "combined-stream": "~0.0.4",
        "mime-types": "~2.0.3"
      },
      "engines": {
        "node": ">= 0.8"
      }
    },
    "node_modules/form-data/node_modules/mime-db": {
      "version": "1.12.0",
      "dev": true,
      "license": "MIT",
      "engines": {
        "node": ">= 0.6"
      }
    },
    "node_modules/form-data/node_modules/mime-types": {
      "version": "2.0.14",
      "dev": true,
      "license": "MIT",
      "dependencies": {
        "mime-db": "~1.12.0"
      },
      "engines": {
        "node": ">= 0.6"
      }
    },
    "node_modules/formidable": {
      "version": "1.0.14",
      "dev": true,
      "engines": {
        "node": ">=0.8.0"
      }
    },
    "node_modules/forwarded": {
      "version": "0.1.2",
      "license": "MIT",
      "engines": {
        "node": ">= 0.6"
      }
    },
    "node_modules/fresh": {
      "version": "0.3.0",
      "license": "MIT",
      "engines": {
        "node": ">= 0.6"
      }
    },
    "node_modules/fs": {
      "version": "0.0.2",
      "license": "MIT"
    },
    "node_modules/glob": {
      "version": "3.2.11",
      "dev": true,
      "license": "BSD",
      "dependencies": {
        "inherits": "2",
        "minimatch": "0.3"
      },
      "engines": {
        "node": "*"
      }
    },
    "node_modules/growl": {
      "version": "1.9.2",
      "dev": true,
      "license": "MIT"
    },
    "node_modules/has-ansi": {
      "version": "0.1.0",
      "dev": true,
      "license": "MIT",
      "dependencies": {
        "ansi-regex": "^0.2.0"
      },
      "bin": {
        "has-ansi": "cli.js"
      },
      "engines": {
        "node": ">=0.10.0"
      }
    },
    "node_modules/http-errors": {
      "version": "1.3.1",
      "license": "MIT",
      "dependencies": {
        "inherits": "~2.0.1",
        "statuses": "1"
      },
      "engines": {
        "node": ">= 0.6"
      }
    },
    "node_modules/iconv-lite": {
      "version": "0.4.12",
      "license": "MIT",
      "engines": {
        "node": ">=0.8.0"
      }
    },
    "node_modules/inherits": {
      "version": "2.0.3",
      "license": "ISC"
    },
    "node_modules/ip-regex": {
      "version": "1.0.3",
      "dev": true,
      "license": "MIT",
      "engines": {
        "node": ">=0.10.0"
      }
    },
    "node_modules/ipaddr.js": {
      "version": "1.0.5",
      "license": "MIT",
      "engines": {
        "node": ">= 0.10"
      }
    },
    "node_modules/is-ip": {
      "version": "1.0.0",
      "dev": true,
      "license": "MIT",
      "dependencies": {
        "ip-regex": "^1.0.0"
      },
      "engines": {
        "node": ">=0.10.0"
      }
    },
    "node_modules/is-windows": {
      "version": "1.0.1",
      "dev": true,
      "license": "MIT",
      "engines": {
        "node": ">=0.10.0"
      }
    },
    "node_modules/isarray": {
      "version": "0.0.1",
      "dev": true,
      "license": "MIT"
    },
    "node_modules/isexe": {
      "version": "2.0.0",
      "dev": true,
      "license": "ISC"
    },
    "node_modules/jade": {
      "version": "0.26.3",
      "dev": true,
      "dependencies": {
        "commander": "0.6.1",
        "mkdirp": "0.3.0"
      },
      "bin": {
        "jade": "bin/jade"
      }
    },
    "node_modules/jade/node_modules/commander": {
      "version": "0.6.1",
      "dev": true,
      "engines": {
        "node": ">= 0.4.x"
      }
    },
    "node_modules/jade/node_modules/mkdirp": {
      "version": "0.3.0",
      "dev": true,
      "license": "MIT/X11",
      "engines": {
        "node": "*"
      }
    },
    "node_modules/json-beautify": {
      "version": "1.0.1",
      "license": "ISC"
    },
    "node_modules/lodash": {
      "version": "4.17.4",
      "dev": true,
      "license": "MIT"
    },
    "node_modules/lru-cache": {
      "version": "2.7.3",
      "dev": true,
      "license": "ISC"
    },
    "node_modules/media-typer": {
      "version": "0.3.0",
      "license": "MIT",
      "engines": {
        "node": ">= 0.6"
      }
    },
    "node_modules/merge-descriptors": {
      "version": "1.0.0",
      "license": "MIT"
    },
    "node_modules/methods": {
      "version": "1.1.2",
      "license": "MIT",
      "engines": {
        "node": ">= 0.6"
      }
    },
    "node_modules/mime": {
      "version": "1.3.4",
      "bin": {
        "mime": "cli.js"
      }
    },
    "node_modules/mime-db": {
      "version": "1.30.0",
      "license": "MIT",
      "engines": {
        "node": ">= 0.6"
      }
    },
    "node_modules/mime-types": {
      "version": "2.1.17",
      "license": "MIT",
      "dependencies": {
        "mime-db": "~1.30.0"
      },
      "engines": {
        "node": ">= 0.6"
      }
    },
    "node_modules/minimatch": {
      "version": "0.3.0",
      "dev": true,
      "license": "MIT",
      "dependencies": {
        "lru-cache": "2",
        "sigmund": "~1.0.0"
      },
      "engines": {
        "node": "*"
      }
    },
    "node_modules/minimist": {
      "version": "0.0.8",
      "dev": true,
      "license": "MIT"
    },
    "node_modules/mkdirp": {
      "version": "0.5.1",
      "dev": true,
      "license": "MIT",
      "dependencies": {
        "minimist": "0.0.8"
      },
      "bin": {
        "mkdirp": "bin/cmd.js"
      }
    },
    "node_modules/mocha": {
      "version": "2.5.3",
      "dev": true,
      "license": "MIT",
      "dependencies": {
        "commander": "2.3.0",
        "debug": "2.2.0",
        "diff": "1.4.0",
        "escape-string-regexp": "1.0.2",
        "glob": "3.2.11",
        "growl": "1.9.2",
        "jade": "0.26.3",
        "mkdirp": "0.5.1",
        "supports-color": "1.2.0",
        "to-iso-string": "0.0.2"
      },
      "bin": {
        "_mocha": "bin/_mocha",
        "mocha": "bin/mocha"
      },
      "engines": {
        "node": ">= 0.8.x"
      }
    },
    "node_modules/mocha/node_modules/commander": {
      "version": "2.3.0",
      "dev": true,
      "engines": {
        "node": ">= 0.6.x"
      }
    },
    "node_modules/mocha/node_modules/escape-string-regexp": {
      "version": "1.0.2",
      "dev": true,
      "license": "MIT",
      "engines": {
        "node": ">=0.8.0"
      }
    },
    "node_modules/mocha/node_modules/supports-color": {
      "version": "1.2.0",
      "dev": true,
      "license": "MIT",
      "bin": {
        "supports-color": "cli.js"
      },
      "engines": {
        "node": ">=0.10.0"
      }
    },
    "node_modules/moment": {
      "version": "2.19.1",
      "dev": true,
      "license": "MIT",
      "engines": {
        "node": "*"
      }
    },
    "node_modules/ms": {
      "version": "0.7.1"
    },
    "node_modules/negotiator": {
      "version": "0.5.3",
      "license": "MIT",
      "engines": {
        "node": ">= 0.6"
      }
    },
    "node_modules/on-finished": {
      "version": "2.3.0",
      "license": "MIT",
      "dependencies": {
        "ee-first": "1.1.1"
      },
      "engines": {
        "node": ">= 0.8"
      }
    },
    "node_modules/parseurl": {
      "version": "1.3.2",
      "license": "MIT",
      "engines": {
        "node": ">= 0.8"
      }
    },
    "node_modules/path": {
      "version": "0.12.7",
      "license": "MIT",
      "dependencies": {
        "process": "^0.11.1",
        "util": "^0.10.3"
      }
    },
    "node_modules/path-to-regexp": {
      "version": "0.1.7",
      "license": "MIT"
    },
    "node_modules/process": {
      "version": "0.11.10",
      "license": "MIT",
      "engines": {
        "node": ">= 0.6.0"
      }
    },
    "node_modules/proxy-addr": {
      "version": "1.0.10",
      "license": "MIT",
      "dependencies": {
        "forwarded": "~0.1.0",
        "ipaddr.js": "1.0.5"
      },
      "engines": {
        "node": ">= 0.6"
      }
    },
    "node_modules/pseudomap": {
      "version": "1.0.2",
      "dev": true,
      "license": "ISC"
    },
    "node_modules/qs": {
      "version": "5.1.0",
      "engines": ">=0.10.40",
      "license": "BSD-3-Clause"
    },
    "node_modules/range-parser": {
      "version": "1.0.3",
      "license": "MIT",
      "engines": {
        "node": ">= 0.6"
      }
    },
    "node_modules/raw-body": {
      "version": "2.1.7",
      "license": "MIT",
      "dependencies": {
        "bytes": "2.4.0",
        "iconv-lite": "0.4.13",
        "unpipe": "1.0.0"
      },
      "engines": {
        "node": ">= 0.8"
      }
    },
    "node_modules/raw-body/node_modules/bytes": {
      "version": "2.4.0",
      "license": "MIT"
    },
    "node_modules/raw-body/node_modules/iconv-lite": {
      "version": "0.4.13",
      "license": "MIT",
      "engines": {
        "node": ">=0.8.0"
      }
    },
    "node_modules/readable-stream": {
      "version": "1.0.27-1",
      "dev": true,
      "license": "MIT",
      "dependencies": {
        "core-util-is": "~1.0.0",
        "inherits": "~2.0.1",
        "isarray": "0.0.1",
        "string_decoder": "~0.10.x"
      }
    },
    "node_modules/reduce-component": {
      "version": "1.0.1",
      "dev": true,
      "license": "Apache, Version 2.0"
    },
    "node_modules/rx": {
      "version": "2.3.24",
      "dev": true
    },
    "node_modules/send": {
      "version": "0.13.0",
      "license": "MIT",
      "dependencies": {
        "debug": "~2.2.0",
        "depd": "~1.0.1",
        "destroy": "1.0.3",
        "escape-html": "1.0.2",
        "etag": "~1.7.0",
        "fresh": "0.3.0",
        "http-errors": "~1.3.1",
        "mime": "1.3.4",
        "ms": "0.7.1",
        "on-finished": "~2.3.0",
        "range-parser": "~1.0.2",
        "statuses": "~1.2.1"
      },
      "engines": {
        "node": ">= 0.8.0"
      }
    },
    "node_modules/send/node_modules/depd": {
      "version": "1.0.1",
      "license": "MIT",
      "engines": {
        "node": ">= 0.6"
      }
    },
    "node_modules/send/node_modules/statuses": {
      "version": "1.2.1",
      "license": "MIT"
    },
    "node_modules/serve-static": {
      "version": "1.10.3",
      "license": "MIT",
      "dependencies": {
        "escape-html": "~1.0.3",
        "parseurl": "~1.3.1",
        "send": "0.13.2"
      },
      "engines": {
        "node": ">= 0.8.0"
      }
    },
    "node_modules/serve-static/node_modules/destroy": {
      "version": "1.0.4",
      "license": "MIT"
    },
    "node_modules/serve-static/node_modules/escape-html": {
      "version": "1.0.3",
      "license": "MIT"
    },
    "node_modules/serve-static/node_modules/send": {
      "version": "0.13.2",
      "license": "MIT",
      "dependencies": {
        "debug": "~2.2.0",
        "depd": "~1.1.0",
        "destroy": "~1.0.4",
        "escape-html": "~1.0.3",
        "etag": "~1.7.0",
        "fresh": "0.3.0",
        "http-errors": "~1.3.1",
        "mime": "1.3.4",
        "ms": "0.7.1",
        "on-finished": "~2.3.0",
        "range-parser": "~1.0.3",
        "statuses": "~1.2.1"
      },
      "engines": {
        "node": ">= 0.8.0"
      }
    },
    "node_modules/serve-static/node_modules/statuses": {
      "version": "1.2.1",
      "license": "MIT"
    },
    "node_modules/shebang-command": {
      "version": "1.2.0",
      "dev": true,
      "license": "MIT",
      "dependencies": {
        "shebang-regex": "^1.0.0"
      },
      "engines": {
        "node": ">=0.10.0"
      }
    },
    "node_modules/shebang-regex": {
      "version": "1.0.0",
      "dev": true,
      "license": "MIT",
      "engines": {
        "node": ">=0.10.0"
      }
    },
    "node_modules/sigmund": {
      "version": "1.0.1",
      "dev": true,
      "license": "ISC"
    },
    "node_modules/statuses": {
      "version": "1.4.0",
      "license": "MIT",
      "engines": {
        "node": ">= 0.6"
      }
    },
    "node_modules/string_decoder": {
      "version": "0.10.31",
      "dev": true,
      "license": "MIT"
    },
    "node_modules/strip-ansi": {
      "version": "0.3.0",
      "dev": true,
      "license": "MIT",
      "dependencies": {
        "ansi-regex": "^0.2.1"
      },
      "bin": {
        "strip-ansi": "cli.js"
      },
      "engines": {
        "node": ">=0.10.0"
      }
    },
    "node_modules/superagent": {
      "version": "1.2.0",
      "dev": true,
      "dependencies": {
        "component-emitter": "1.1.2",
        "cookiejar": "2.0.1",
        "debug": "2",
        "extend": "1.2.1",
        "form-data": "0.2.0",
        "formidable": "1.0.14",
        "methods": "1.0.1",
        "mime": "1.3.4",
        "qs": "2.3.3",
        "readable-stream": "1.0.27-1",
        "reduce-component": "1.0.1"
      },
      "engines": {
        "node": ">= 0.8"
      }
    },
    "node_modules/superagent/node_modules/cookiejar": {
      "version": "2.0.1",
      "dev": true,
      "license": "MIT"
    },
    "node_modules/superagent/node_modules/methods": {
      "version": "1.0.1",
      "dev": true,
      "license": "MIT"
    },
    "node_modules/superagent/node_modules/qs": {
      "version": "2.3.3",
      "dev": true
    },
    "node_modules/supports-color": {
      "version": "0.2.0",
      "dev": true,
      "license": "MIT",
      "bin": {
        "supports-color": "cli.js"
      },
      "engines": {
        "node": ">=0.10.0"
      }
    },
    "node_modules/to-iso-string": {
      "version": "0.0.2",
      "dev": true,
      "license": "MIT"
    },
    "node_modules/type-detect": {
      "version": "1.0.0",
      "dev": true,
      "license": "MIT",
      "engines": {
        "node": "*"
      }
    },
    "node_modules/type-is": {
      "version": "1.6.15",
      "license": "MIT",
      "dependencies": {
        "media-typer": "0.3.0",
        "mime-types": "~2.1.15"
      },
      "engines": {
        "node": ">= 0.6"
      }
    },
    "node_modules/unpipe": {
      "version": "1.0.0",
      "license": "MIT",
      "engines": {
        "node": ">= 0.8"
      }
    },
    "node_modules/util": {
      "version": "0.10.3",
      "license": "MIT",
      "dependencies": {
        "inherits": "2.0.1"
      }
    },
    "node_modules/util/node_modules/inherits": {
      "version": "2.0.1",
      "license": "ISC"
    },
    "node_modules/utils-merge": {
      "version": "1.0.0",
      "engines": {
        "node": ">= 0.4.0"
      }
    },
    "node_modules/vary": {
      "version": "1.0.1",
      "license": "MIT",
      "engines": {
        "node": ">= 0.8"
      }
    },
    "node_modules/which": {
      "version": "1.3.0",
      "dev": true,
      "license": "ISC",
      "dependencies": {
        "isexe": "^2.0.0"
      },
      "bin": {
        "which": "bin/which"
      }
    },
    "node_modules/yallist": {
      "version": "2.1.2",
      "dev": true,
      "license": "ISC"
    }
  },
  "dependencies": {
    "accepts": {
      "version": "1.2.13",
      "requires": {
        "mime-types": "~2.1.6",
        "negotiator": "0.5.3"
      }
    },
    "ansi-regex": {
      "version": "0.2.1",
      "dev": true
    },
    "ansi-styles": {
      "version": "1.1.0",
      "dev": true
    },
    "array-flatten": {
      "version": "1.1.1"
    },
    "assertion-error": {
      "version": "1.0.2",
      "dev": true
    },
    "async": {
      "version": "0.9.2",
      "dev": true
    },
    "bluebird": {
      "version": "2.9.6",
      "dev": true
    },
    "body-parser": {
      "version": "1.14.1",
      "requires": {
        "bytes": "2.1.0",
        "content-type": "~1.0.1",
        "debug": "~2.2.0",
        "depd": "~1.1.0",
        "http-errors": "~1.3.1",
        "iconv-lite": "0.4.12",
        "on-finished": "~2.3.0",
        "qs": "5.1.0",
        "raw-body": "~2.1.4",
        "type-is": "~1.6.9"
      }
    },
    "bytes": {
      "version": "2.1.0"
    },
    "chai": {
      "version": "3.5.0",
      "dev": true,
      "requires": {
        "assertion-error": "^1.0.1",
        "deep-eql": "^0.1.3",
        "type-detect": "^1.0.0"
      }
    },
    "chai-http": {
      "version": "2.0.1",
      "dev": true,
      "requires": {
        "cookiejar": "2.0.x",
        "is-ip": "1.0.0",
        "methods": "0.0.x",
        "qs": "2.0.x",
        "superagent": "1.2.x"
      },
      "dependencies": {
        "methods": {
          "version": "0.0.1",
          "dev": true
        },
        "qs": {
          "version": "2.0.0",
          "dev": true
        }
      }
    },
    "chalk": {
      "version": "0.5.1",
      "dev": true,
      "requires": {
        "ansi-styles": "^1.1.0",
        "escape-string-regexp": "^1.0.0",
        "has-ansi": "^0.1.0",
        "strip-ansi": "^0.3.0",
        "supports-color": "^0.2.0"
      }
    },
    "combined-stream": {
      "version": "0.0.7",
      "dev": true,
      "requires": {
        "delayed-stream": "0.0.5"
      }
    },
    "commander": {
      "version": "2.6.0",
      "dev": true
    },
    "component-emitter": {
      "version": "1.1.2",
      "dev": true
    },
    "concurrently": {
      "version": "2.2.0",
      "dev": true,
      "requires": {
        "bluebird": "2.9.6",
        "chalk": "0.5.1",
        "commander": "2.6.0",
        "cross-spawn": "^0.2.9",
        "lodash": "^4.5.1",
        "moment": "^2.11.2",
        "rx": "2.3.24"
      }
    },
    "content-disposition": {
      "version": "0.5.0"
    },
    "content-type": {
      "version": "1.0.4"
    },
    "cookie": {
      "version": "0.1.3"
    },
    "cookie-signature": {
      "version": "1.0.6"
    },
    "cookiejar": {
      "version": "2.0.6",
      "dev": true
    },
    "core-util-is": {
      "version": "1.0.2",
      "dev": true
    },
    "cross-env": {
      "version": "5.1.1",
      "dev": true,
      "requires": {
        "cross-spawn": "^5.1.0",
        "is-windows": "^1.0.0"
      },
      "dependencies": {
        "cross-spawn": {
          "version": "5.1.0",
          "dev": true,
          "requires": {
            "lru-cache": "^4.0.1",
            "shebang-command": "^1.2.0",
            "which": "^1.2.9"
          }
        },
        "lru-cache": {
          "version": "4.1.1",
          "dev": true,
          "requires": {
            "pseudomap": "^1.0.2",
            "yallist": "^2.1.2"
          }
        }
      }
    },
    "cross-spawn": {
      "version": "0.2.9",
      "dev": true,
      "requires": {
        "lru-cache": "^2.5.0"
      }
    },
    "debug": {
      "version": "2.2.0",
      "requires": {
        "ms": "0.7.1"
      }
    },
    "deep-eql": {
      "version": "0.1.3",
      "dev": true,
      "requires": {
        "type-detect": "0.1.1"
      },
      "dependencies": {
        "type-detect": {
          "version": "0.1.1",
          "dev": true
        }
      }
    },
    "delayed-stream": {
      "version": "0.0.5",
      "dev": true
    },
    "depd": {
      "version": "1.1.1"
    },
    "destroy": {
      "version": "1.0.3"
    },
    "diff": {
      "version": "1.4.0",
      "dev": true
    },
    "ee-first": {
      "version": "1.1.1"
    },
    "escape-html": {
      "version": "1.0.2"
    },
    "escape-string-regexp": {
      "version": "1.0.5",
      "dev": true
    },
    "etag": {
      "version": "1.7.0"
    },
    "express": {
      "version": "4.13.3",
      "requires": {
        "accepts": "~1.2.12",
        "array-flatten": "1.1.1",
        "content-disposition": "0.5.0",
        "content-type": "~1.0.1",
        "cookie": "0.1.3",
        "cookie-signature": "1.0.6",
        "debug": "~2.2.0",
        "depd": "~1.0.1",
        "escape-html": "1.0.2",
        "etag": "~1.7.0",
        "finalhandler": "0.4.0",
        "fresh": "0.3.0",
        "merge-descriptors": "1.0.0",
        "methods": "~1.1.1",
        "on-finished": "~2.3.0",
        "parseurl": "~1.3.0",
        "path-to-regexp": "0.1.7",
        "proxy-addr": "~1.0.8",
        "qs": "4.0.0",
        "range-parser": "~1.0.2",
        "send": "0.13.0",
        "serve-static": "~1.10.0",
        "type-is": "~1.6.6",
        "utils-merge": "1.0.0",
        "vary": "~1.0.1"
      },
      "dependencies": {
        "depd": {
          "version": "1.0.1"
        },
        "qs": {
          "version": "4.0.0"
        }
      }
    },
    "extend": {
      "version": "1.2.1",
      "dev": true
    },
    "finalhandler": {
      "version": "0.4.0",
      "requires": {
        "debug": "~2.2.0",
        "escape-html": "1.0.2",
        "on-finished": "~2.3.0",
        "unpipe": "~1.0.0"
      }
    },
    "form-data": {
      "version": "0.2.0",
      "dev": true,
      "requires": {
        "async": "~0.9.0",
        "combined-stream": "~0.0.4",
        "mime-types": "~2.0.3"
      },
      "dependencies": {
        "mime-db": {
          "version": "1.12.0",
          "dev": true
        },
        "mime-types": {
          "version": "2.0.14",
          "dev": true,
          "requires": {
            "mime-db": "~1.12.0"
          }
        }
      }
    },
    "formidable": {
      "version": "1.0.14",
      "dev": true
    },
    "forwarded": {
      "version": "0.1.2"
    },
    "fresh": {
      "version": "0.3.0"
    },
    "fs": {
      "version": "0.0.2"
    },
    "glob": {
      "version": "3.2.11",
      "dev": true,
      "requires": {
        "inherits": "2",
        "minimatch": "0.3"
      }
    },
    "growl": {
      "version": "1.9.2",
      "dev": true
    },
    "has-ansi": {
      "version": "0.1.0",
      "dev": true,
      "requires": {
        "ansi-regex": "^0.2.0"
      }
    },
    "http-errors": {
      "version": "1.3.1",
      "requires": {
        "inherits": "~2.0.1",
        "statuses": "1"
      }
    },
    "iconv-lite": {
      "version": "0.4.12"
    },
    "inherits": {
      "version": "2.0.3"
    },
    "ip-regex": {
      "version": "1.0.3",
      "dev": true
    },
    "ipaddr.js": {
      "version": "1.0.5"
    },
    "is-ip": {
      "version": "1.0.0",
      "dev": true,
      "requires": {
        "ip-regex": "^1.0.0"
      }
    },
    "is-windows": {
      "version": "1.0.1",
      "dev": true
    },
    "isarray": {
      "version": "0.0.1",
      "dev": true
    },
    "isexe": {
      "version": "2.0.0",
      "dev": true
    },
    "jade": {
      "version": "0.26.3",
      "dev": true,
      "requires": {
        "commander": "0.6.1",
        "mkdirp": "0.3.0"
      },
      "dependencies": {
        "commander": {
          "version": "0.6.1",
          "dev": true
        },
        "mkdirp": {
          "version": "0.3.0",
          "dev": true
        }
      }
    },
    "json-beautify": {
      "version": "1.0.1"
    },
    "lodash": {
      "version": "4.17.4",
      "dev": true
    },
    "lru-cache": {
      "version": "2.7.3",
      "dev": true
    },
    "media-typer": {
      "version": "0.3.0"
    },
    "merge-descriptors": {
      "version": "1.0.0"
    },
    "methods": {
      "version": "1.1.2"
    },
    "mime": {
      "version": "1.3.4"
    },
    "mime-db": {
      "version": "1.30.0"
    },
    "mime-types": {
      "version": "2.1.17",
      "requires": {
        "mime-db": "~1.30.0"
      }
    },
    "minimatch": {
      "version": "0.3.0",
      "dev": true,
      "requires": {
        "lru-cache": "2",
        "sigmund": "~1.0.0"
      }
    },
    "minimist": {
      "version": "0.0.8",
      "dev": true
    },
    "mkdirp": {
      "version": "0.5.1",
      "dev": true,
      "requires": {
        "minimist": "0.0.8"
      }
    },
    "mocha": {
      "version": "2.5.3",
      "dev": true,
      "requires": {
        "commander": "2.3.0",
        "debug": "2.2.0",
        "diff": "1.4.0",
        "escape-string-regexp": "1.0.2",
        "glob": "3.2.11",
        "growl": "1.9.2",
        "jade": "0.26.3",
        "mkdirp": "0.5.1",
        "supports-color": "1.2.0",
        "to-iso-string": "0.0.2"
      },
      "dependencies": {
        "commander": {
          "version": "2.3.0",
          "dev": true
        },
        "escape-string-regexp": {
          "version": "1.0.2",
          "dev": true
        },
        "supports-color": {
          "version": "1.2.0",
          "dev": true
        }
      }
    },
    "moment": {
      "version": "2.19.1",
      "dev": true
    },
    "ms": {
      "version": "0.7.1"
    },
    "negotiator": {
      "version": "0.5.3"
    },
    "on-finished": {
      "version": "2.3.0",
      "requires": {
        "ee-first": "1.1.1"
      }
    },
    "parseurl": {
      "version": "1.3.2"
    },
    "path": {
      "version": "0.12.7",
      "requires": {
        "process": "^0.11.1",
        "util": "^0.10.3"
      }
    },
    "path-to-regexp": {
      "version": "0.1.7"
    },
    "process": {
      "version": "0.11.10"
    },
    "proxy-addr": {
      "version": "1.0.10",
      "requires": {
        "forwarded": "~0.1.0",
        "ipaddr.js": "1.0.5"
      }
    },
    "pseudomap": {
      "version": "1.0.2",
      "dev": true
    },
    "qs": {
      "version": "5.1.0"
    },
    "range-parser": {
      "version": "1.0.3"
    },
    "raw-body": {
      "version": "2.1.7",
      "requires": {
        "bytes": "2.4.0",
        "iconv-lite": "0.4.13",
        "unpipe": "1.0.0"
      },
      "dependencies": {
        "bytes": {
          "version": "2.4.0"
        },
        "iconv-lite": {
          "version": "0.4.13"
        }
      }
    },
    "readable-stream": {
      "version": "1.0.27-1",
      "dev": true,
      "requires": {
        "core-util-is": "~1.0.0",
        "inherits": "~2.0.1",
        "isarray": "0.0.1",
        "string_decoder": "~0.10.x"
      }
    },
    "reduce-component": {
      "version": "1.0.1",
      "dev": true
    },
    "rx": {
      "version": "2.3.24",
      "dev": true
    },
    "send": {
      "version": "0.13.0",
      "requires": {
        "debug": "~2.2.0",
        "depd": "~1.0.1",
        "destroy": "1.0.3",
        "escape-html": "1.0.2",
        "etag": "~1.7.0",
        "fresh": "0.3.0",
        "http-errors": "~1.3.1",
        "mime": "1.3.4",
        "ms": "0.7.1",
        "on-finished": "~2.3.0",
        "range-parser": "~1.0.2",
        "statuses": "~1.2.1"
      },
      "dependencies": {
        "depd": {
          "version": "1.0.1"
        },
        "statuses": {
          "version": "1.2.1"
        }
      }
    },
    "serve-static": {
      "version": "1.10.3",
      "requires": {
        "escape-html": "~1.0.3",
        "parseurl": "~1.3.1",
        "send": "0.13.2"
      },
      "dependencies": {
        "destroy": {
          "version": "1.0.4"
        },
        "escape-html": {
          "version": "1.0.3"
        },
        "send": {
          "version": "0.13.2",
          "requires": {
            "debug": "~2.2.0",
            "depd": "~1.1.0",
            "destroy": "~1.0.4",
            "escape-html": "~1.0.3",
            "etag": "~1.7.0",
            "fresh": "0.3.0",
            "http-errors": "~1.3.1",
            "mime": "1.3.4",
            "ms": "0.7.1",
            "on-finished": "~2.3.0",
            "range-parser": "~1.0.3",
            "statuses": "~1.2.1"
          }
        },
        "statuses": {
          "version": "1.2.1"
        }
      }
    },
    "shebang-command": {
      "version": "1.2.0",
      "dev": true,
      "requires": {
        "shebang-regex": "^1.0.0"
      }
    },
    "shebang-regex": {
      "version": "1.0.0",
      "dev": true
    },
    "sigmund": {
      "version": "1.0.1",
      "dev": true
    },
    "statuses": {
      "version": "1.4.0"
    },
    "string_decoder": {
      "version": "0.10.31",
      "dev": true
    },
    "strip-ansi": {
      "version": "0.3.0",
      "dev": true,
      "requires": {
        "ansi-regex": "^0.2.1"
      }
    },
    "superagent": {
      "version": "1.2.0",
      "dev": true,
      "requires": {
        "component-emitter": "1.1.2",
        "cookiejar": "2.0.1",
        "debug": "2",
        "extend": "1.2.1",
        "form-data": "0.2.0",
        "formidable": "1.0.14",
        "methods": "1.0.1",
        "mime": "1.3.4",
        "qs": "2.3.3",
        "readable-stream": "1.0.27-1",
        "reduce-component": "1.0.1"
      },
      "dependencies": {
        "cookiejar": {
          "version": "2.0.1",
          "dev": true
        },
        "methods": {
          "version": "1.0.1",
          "dev": true
        },
        "qs": {
          "version": "2.3.3",
          "dev": true
        }
      }
    },
    "supports-color": {
      "version": "0.2.0",
      "dev": true
    },
    "to-iso-string": {
      "version": "0.0.2",
      "dev": true
    },
    "type-detect": {
      "version": "1.0.0",
      "dev": true
    },
    "type-is": {
      "version": "1.6.15",
      "requires": {
        "media-typer": "0.3.0",
        "mime-types": "~2.1.15"
      }
    },
    "unpipe": {
      "version": "1.0.0"
    },
    "util": {
      "version": "0.10.3",
      "requires": {
        "inherits": "2.0.1"
      },
      "dependencies": {
        "inherits": {
          "version": "2.0.1"
        }
      }
    },
    "utils-merge": {
      "version": "1.0.0"
    },
    "vary": {
      "version": "1.0.1"
    },
    "which": {
      "version": "1.3.0",
      "dev": true,
      "requires": {
        "isexe": "^2.0.0"
      }
    },
    "yallist": {
      "version": "2.1.2",
      "dev": true
    }
  }
}
